{
  "nodes": {
    "nixlib": {
      "locked": {
        "lastModified": 1677373009,
        "narHash": "sha256-kxhz4QUP8tXa/yVSpEzDDZSEp9FvhzRqZzb+SeUaekw=",
        "owner": "nix-community",
        "repo": "nixpkgs.lib",
        "rev": "c9d4f2476046c6a7a2ce3c2118c48455bf0272ea",
        "type": "github"
      },
      "original": {
        "owner": "nix-community",
        "repo": "nixpkgs.lib",
        "type": "github"
      }
    },
    "nixos-generators": {
      "inputs": {
        "nixlib": "nixlib",
        "nixpkgs": [
          "nixpkgs"
        ]
      },
      "locked": {
        "lastModified": 1678351966,
        "narHash": "sha256-tRFEU0lu3imZb3dtELBY+UbEhWXbb0xlBrsIlpICb+A=",
        "owner": "nix-community",
        "repo": "nixos-generators",
        "rev": "0c043999b16caba6fb571af2d228775729829943",
        "type": "github"
      },
      "original": {
        "owner": "nix-community",
        "repo": "nixos-generators",
        "type": "github"
      }
    },
    "nixpkgs": {
      "locked": {
        "lastModified": 1679281263,
        "narHash": "sha256-neMref1GTruSLt1jBgAw+lvGsZj8arQYfdxvSi5yp4Q=",
        "owner": "NixOS",
        "repo": "nixpkgs",
        "rev": "8276a165b9fa3db1a7a4f29ee29b680e0799b9dc",
        "type": "github"
      },
      "original": {
        "id": "nixpkgs",
        "ref": "nixpkgs-unstable",
        "type": "indirect"
      }
    },
    "root": {
      "inputs": {
        "nixos-generators": "nixos-generators",
        "nixpkgs": "nixpkgs"
      }
    }
  },
  "root": "root",
  "version": 7
}
